
Microsoft Visual Studio Solution File, Format Version 12.00
# Visual Studio Version 16
VisualStudioVersion = 16.0.30011.22
MinimumVisualStudioVersion = 10.0.40219.1
Project("{FAE04EC0-301F-11D3-BF4B-00C04F79EFBC}") = "TCPP_Khlopchyk_MainProject", "TCPP_Khlopchyk_MainProject\TCPP_Khlopchyk_MainProject.csproj", "{2755A7EC-A57F-4467-80FB-6CB169EC27B6}"
EndProject
Global
	GlobalSection(SolutionConfigurationPlatforms) = preSolution
		Debug|Any CPU = Debug|Any CPU
		Release|Any CPU = Release|Any CPU
	EndGlobalSection
	GlobalSection(ProjectConfigurationPlatforms) = postSolution
		{2755A7EC-A57F-4467-80FB-6CB169EC27B6}.Debug|Any CPU.ActiveCfg = Debug|Any CPU
		{2755A7EC-A57F-4467-80FB-6CB169EC27B6}.Debug|Any CPU.Build.0 = Debug|Any CPU
		{2755A7EC-A57F-4467-80FB-6CB169EC27B6}.Release|Any CPU.ActiveCfg = Release|Any CPU
		{2755A7EC-A57F-4467-80FB-6CB169EC27B6}.Release|Any CPU.Build.0 = Release|Any CPU
	EndGlobalSection
	GlobalSection(SolutionProperties) = preSolution
		HideSolutionNode = FALSE
	EndGlobalSection
	GlobalSection(ExtensibilityGlobals) = postSolution
		SolutionGuid = {4244232F-7E92-4DB1-8339-819E044C2FBD}
	EndGlobalSection
EndGlobal
